
Microsoft Visual Studio Solution File, Format Version 12.00
# Visual Studio Version 16
VisualStudioVersion = 16.0.34601.136
MinimumVisualStudioVersion = 10.0.40219.1
Project("{FAE04EC0-301F-11D3-BF4B-00C04F79EFBC}") = "Exception Handling", "Exception Handling\Exception Handling.csproj", "{D9CD85FD-2BAD-4B50-9515-BBF7B7C74209}"
EndProject
Global
	GlobalSection(SolutionConfigurationPlatforms) = preSolution
		Debug|Any CPU = Debug|Any CPU
		Release|Any CPU = Release|Any CPU
	EndGlobalSection
	GlobalSection(ProjectConfigurationPlatforms) = postSolution
		{D9CD85FD-2BAD-4B50-9515-BBF7B7C74209}.Debug|Any CPU.ActiveCfg = Debug|Any CPU
		{D9CD85FD-2BAD-4B50-9515-BBF7B7C74209}.Debug|Any CPU.Build.0 = Debug|Any CPU
		{D9CD85FD-2BAD-4B50-9515-BBF7B7C74209}.Release|Any CPU.ActiveCfg = Release|Any CPU
		{D9CD85FD-2BAD-4B50-9515-BBF7B7C74209}.Release|Any CPU.Build.0 = Release|Any CPU
	EndGlobalSection
	GlobalSection(SolutionProperties) = preSolution
		HideSolutionNode = FALSE
	EndGlobalSection
	GlobalSection(ExtensibilityGlobals) = postSolution
		SolutionGuid = {38804CE5-3D78-457B-8236-927D5DCA3839}
	EndGlobalSection
EndGlobal
